
Microsoft Visual Studio Solution File, Format Version 12.00
# Visual Studio Version 17
VisualStudioVersion = 17.2.32616.157
MinimumVisualStudioVersion = 10.0.40219.1
Project("{FAE04EC0-301F-11D3-BF4B-00C04F79EFBC}") = "Lab0205 Components", "Lab0205 Components.csproj", "{E505B796-33A8-4B00-92D4-EAEE27B54034}"
EndProject
Project("{FAE04EC0-301F-11D3-BF4B-00C04F79EFBC}") = "Lab0206 Anchor Dock", "..\Lab0206 Anchor Dock\Lab0206 Anchor Dock.csproj", "{C4AF4363-BF07-405A-8F7D-39C5F15F5D03}"
EndProject
Project("{FAE04EC0-301F-11D3-BF4B-00C04F79EFBC}") = "Lab0301 Linq", "..\Lab0301 Linq\Lab0301 Linq.csproj", "{8E92A19E-BAD1-4BB5-B768-CD7371B9B4D8}"
EndProject
Project("{FAE04EC0-301F-11D3-BF4B-00C04F79EFBC}") = "Lab0302 Data Binding", "..\Lab0302 Data Binding\Lab0302 Data Binding.csproj", "{8AA7B9E5-AF08-4B67-A9D0-AE527E9C8F98}"
EndProject
Project("{FAE04EC0-301F-11D3-BF4B-00C04F79EFBC}") = "Lab0303 Registration", "..\Lab0303 Registration\Lab0303 Registration.csproj", "{8981C381-EB74-46F6-9F19-BF9FD89D28CA}"
EndProject
Project("{FAE04EC0-301F-11D3-BF4B-00C04F79EFBC}") = "Lab0401 Shop Application", "..\Lab0401 Shop Application\Lab0401 Shop Application.csproj", "{613C2F1F-7A4A-4D52-8549-D010C8AD4207}"
EndProject
Project("{FAE04EC0-301F-11D3-BF4B-00C04F79EFBC}") = "App_Amz", "..\App_Amz\App_Amz.csproj", "{4B0E39EC-2AE1-4C7E-B1FD-A5F58FCC06A3}"
EndProject
Global
	GlobalSection(SolutionConfigurationPlatforms) = preSolution
		Debug|Any CPU = Debug|Any CPU
		Release|Any CPU = Release|Any CPU
	EndGlobalSection
	GlobalSection(ProjectConfigurationPlatforms) = postSolution
		{E505B796-33A8-4B00-92D4-EAEE27B54034}.Debug|Any CPU.ActiveCfg = Debug|Any CPU
		{E505B796-33A8-4B00-92D4-EAEE27B54034}.Debug|Any CPU.Build.0 = Debug|Any CPU
		{E505B796-33A8-4B00-92D4-EAEE27B54034}.Release|Any CPU.ActiveCfg = Release|Any CPU
		{E505B796-33A8-4B00-92D4-EAEE27B54034}.Release|Any CPU.Build.0 = Release|Any CPU
		{C4AF4363-BF07-405A-8F7D-39C5F15F5D03}.Debug|Any CPU.ActiveCfg = Debug|Any CPU
		{C4AF4363-BF07-405A-8F7D-39C5F15F5D03}.Debug|Any CPU.Build.0 = Debug|Any CPU
		{C4AF4363-BF07-405A-8F7D-39C5F15F5D03}.Release|Any CPU.ActiveCfg = Release|Any CPU
		{C4AF4363-BF07-405A-8F7D-39C5F15F5D03}.Release|Any CPU.Build.0 = Release|Any CPU
		{8E92A19E-BAD1-4BB5-B768-CD7371B9B4D8}.Debug|Any CPU.ActiveCfg = Debug|Any CPU
		{8E92A19E-BAD1-4BB5-B768-CD7371B9B4D8}.Debug|Any CPU.Build.0 = Debug|Any CPU
		{8E92A19E-BAD1-4BB5-B768-CD7371B9B4D8}.Release|Any CPU.ActiveCfg = Release|Any CPU
		{8E92A19E-BAD1-4BB5-B768-CD7371B9B4D8}.Release|Any CPU.Build.0 = Release|Any CPU
		{8AA7B9E5-AF08-4B67-A9D0-AE527E9C8F98}.Debug|Any CPU.ActiveCfg = Debug|Any CPU
		{8AA7B9E5-AF08-4B67-A9D0-AE527E9C8F98}.Debug|Any CPU.Build.0 = Debug|Any CPU
		{8AA7B9E5-AF08-4B67-A9D0-AE527E9C8F98}.Release|Any CPU.ActiveCfg = Release|Any CPU
		{8AA7B9E5-AF08-4B67-A9D0-AE527E9C8F98}.Release|Any CPU.Build.0 = Release|Any CPU
		{8981C381-EB74-46F6-9F19-BF9FD89D28CA}.Debug|Any CPU.ActiveCfg = Debug|Any CPU
		{8981C381-EB74-46F6-9F19-BF9FD89D28CA}.Debug|Any CPU.Build.0 = Debug|Any CPU
		{8981C381-EB74-46F6-9F19-BF9FD89D28CA}.Release|Any CPU.ActiveCfg = Release|Any CPU
		{8981C381-EB74-46F6-9F19-BF9FD89D28CA}.Release|Any CPU.Build.0 = Release|Any CPU
		{613C2F1F-7A4A-4D52-8549-D010C8AD4207}.Debug|Any CPU.ActiveCfg = Debug|Any CPU
		{613C2F1F-7A4A-4D52-8549-D010C8AD4207}.Debug|Any CPU.Build.0 = Debug|Any CPU
		{613C2F1F-7A4A-4D52-8549-D010C8AD4207}.Release|Any CPU.ActiveCfg = Release|Any CPU
		{613C2F1F-7A4A-4D52-8549-D010C8AD4207}.Release|Any CPU.Build.0 = Release|Any CPU
		{4B0E39EC-2AE1-4C7E-B1FD-A5F58FCC06A3}.Debug|Any CPU.ActiveCfg = Debug|Any CPU
		{4B0E39EC-2AE1-4C7E-B1FD-A5F58FCC06A3}.Debug|Any CPU.Build.0 = Debug|Any CPU
		{4B0E39EC-2AE1-4C7E-B1FD-A5F58FCC06A3}.Release|Any CPU.ActiveCfg = Release|Any CPU
		{4B0E39EC-2AE1-4C7E-B1FD-A5F58FCC06A3}.Release|Any CPU.Build.0 = Release|Any CPU
	EndGlobalSection
	GlobalSection(SolutionProperties) = preSolution
		HideSolutionNode = FALSE
	EndGlobalSection
	GlobalSection(ExtensibilityGlobals) = postSolution
		SolutionGuid = {A328DF63-DCE4-4F59-AFF9-EBC88923DBAB}
	EndGlobalSection
EndGlobal
