
Microsoft Visual Studio Solution File, Format Version 12.00
# Visual Studio Version 17
VisualStudioVersion = 17.2.32616.157
MinimumVisualStudioVersion = 10.0.40219.1
Project("{FAE04EC0-301F-11D3-BF4B-00C04F79EFBC}") = "Lab0501 Simple Report", "Lab0501 Simple Report\Lab0501 Simple Report.csproj", "{68F2A31A-4088-434C-AD08-FCC7C17263F9}"
EndProject
Global
	GlobalSection(SolutionConfigurationPlatforms) = preSolution
		Debug|Any CPU = Debug|Any CPU
		Release|Any CPU = Release|Any CPU
	EndGlobalSection
	GlobalSection(ProjectConfigurationPlatforms) = postSolution
		{68F2A31A-4088-434C-AD08-FCC7C17263F9}.Debug|Any CPU.ActiveCfg = Debug|Any CPU
		{68F2A31A-4088-434C-AD08-FCC7C17263F9}.Debug|Any CPU.Build.0 = Debug|Any CPU
		{68F2A31A-4088-434C-AD08-FCC7C17263F9}.Release|Any CPU.ActiveCfg = Release|Any CPU
		{68F2A31A-4088-434C-AD08-FCC7C17263F9}.Release|Any CPU.Build.0 = Release|Any CPU
	EndGlobalSection
	GlobalSection(SolutionProperties) = preSolution
		HideSolutionNode = FALSE
	EndGlobalSection
	GlobalSection(ExtensibilityGlobals) = postSolution
		SolutionGuid = {72C95278-EBEA-4365-AF7F-1ED5980291A8}
	EndGlobalSection
EndGlobal
